
Microsoft Visual Studio Solution File, Format Version 12.00
# Visual Studio Version 17
VisualStudioVersion = 17.5.33424.131
MinimumVisualStudioVersion = 10.0.40219.1
Project("{54A90642-561A-4BB1-A94E-469ADEE60C69}") = "ab", "ab\ab.esproj", "{B8DFD659-8B21-4019-AE3F-E017423333CB}"
EndProject
Global
	GlobalSection(SolutionConfigurationPlatforms) = preSolution
		Debug|Any CPU = Debug|Any CPU
		Release|Any CPU = Release|Any CPU
	EndGlobalSection
	GlobalSection(ProjectConfigurationPlatforms) = postSolution
		{B8DFD659-8B21-4019-AE3F-E017423333CB}.Debug|Any CPU.ActiveCfg = Debug|Any CPU
		{B8DFD659-8B21-4019-AE3F-E017423333CB}.Debug|Any CPU.Build.0 = Debug|Any CPU
		{B8DFD659-8B21-4019-AE3F-E017423333CB}.Debug|Any CPU.Deploy.0 = Debug|Any CPU
		{B8DFD659-8B21-4019-AE3F-E017423333CB}.Release|Any CPU.ActiveCfg = Release|Any CPU
		{B8DFD659-8B21-4019-AE3F-E017423333CB}.Release|Any CPU.Build.0 = Release|Any CPU
		{B8DFD659-8B21-4019-AE3F-E017423333CB}.Release|Any CPU.Deploy.0 = Release|Any CPU
	EndGlobalSection
	GlobalSection(SolutionProperties) = preSolution
		HideSolutionNode = FALSE
	EndGlobalSection
	GlobalSection(ExtensibilityGlobals) = postSolution
		SolutionGuid = {A458E79D-3D1E-4041-B059-27E2DBD4646F}
	EndGlobalSection
EndGlobal
